// !$*UTF8*$!
{
	archiveVersion = 1;
	classes = {
	};
	objectVersion = 46;
	objects = {

/* Begin PBXBuildFile section */
		911B59521EB864B800F37DE2 /* main.m in Sources */ = {isa = PBXBuildFile; fileRef = 911B59511EB864B800F37DE2 /* main.m */; };
		911B59551EB864B800F37DE2 /* AppDelegate.m in Sources */ = {isa = PBXBuildFile; fileRef = 911B59541EB864B800F37DE2 /* AppDelegate.m */; };
		911B59581EB864B800F37DE2 /* ViewController.m in Sources */ = {isa = PBXBuildFile; fileRef = 911B59571EB864B800F37DE2 /* ViewController.m */; };
		911B595B1EB864B800F37DE2 /* Main.storyboard in Resources */ = {isa = PBXBuildFile; fileRef = 911B59591EB864B800F37DE2 /* Main.storyboard */; };
		911B595D1EB864B800F37DE2 /* Assets.xcassets in Resources */ = {isa = PBXBuildFile; fileRef = 911B595C1EB864B800F37DE2 /* Assets.xcassets */; };
		911B59601EB864B800F37DE2 /* LaunchScreen.storyboard in Resources */ = {isa = PBXBuildFile; fileRef = 911B595E1EB864B800F37DE2 /* LaunchScreen.storyboard */; };
		911B596B1EB864B800F37DE2 /* ZBInvestmentTests.m in Sources */ = {isa = PBXBuildFile; fileRef = 911B596A1EB864B800F37DE2 /* ZBInvestmentTests.m */; };
		911B59761EB864B800F37DE2 /* ZBInvestmentUITests.m in Sources */ = {isa = PBXBuildFile; fileRef = 911B59751EB864B800F37DE2 /* ZBInvestmentUITests.m */; };
/* End PBXBuildFile section */

/* Begin PBXContainerItemProxy section */
		911B59671EB864B800F37DE2 /* PBXContainerItemProxy */ = {
			isa = PBXContainerItemProxy;
			containerPortal = 911B59451EB864B700F37DE2 /* Project object */;
			proxyType = 1;
			remoteGlobalIDString = 911B594C1EB864B800F37DE2;
			remoteInfo = ZBInvestment;
		};
		911B59721EB864B800F37DE2 /* PBXContainerItemProxy */ = {
			isa = PBXContainerItemProxy;
			containerPortal = 911B59451EB864B700F37DE2 /* Project object */;
			proxyType = 1;
			remoteGlobalIDString = 911B594C1EB864B800F37DE2;
			remoteInfo = ZBInvestment;
		};
/* End PBXContainerItemProxy section */

/* Begin PBXFileReference section */
		911B594D1EB864B800F37DE2 /* ZBInvestment.app */ = {isa = PBXFileReference; explicitFileType = wrapper.application; includeInIndex = 0; path = ZBInvestment.app; sourceTree = BUILT_PRODUCTS_DIR; };
		911B59511EB864B800F37DE2 /* main.m */ = {isa = PBXFileReference; lastKnownFileType = sourcecode.c.objc; path = main.m; sourceTree = "<group>"; };
		911B59531EB864B800F37DE2 /* AppDelegate.h */ = {isa = PBXFileReference; lastKnownFileType = sourcecode.c.h; path = AppDelegate.h; sourceTree = "<group>"; };
		911B59541EB864B800F37DE2 /* AppDelegate.m */ = {isa = PBXFileReference; lastKnownFileType = sourcecode.c.objc; path = AppDelegate.m; sourceTree = "<group>"; };
		911B59561EB864B800F37DE2 /* ViewController.h */ = {isa = PBXFileReference; lastKnownFileType = sourcecode.c.h; path = ViewController.h; sourceTree = "<group>"; };
		911B59571EB864B800F37DE2 /* ViewController.m */ = {isa = PBXFileReference; lastKnownFileType = sourcecode.c.objc; path = ViewController.m; sourceTree = "<group>"; };
		911B595A1EB864B800F37DE2 /* Base */ = {isa = PBXFileReference; lastKnownFileType = file.storyboard; name = Base; path = Base.lproj/Main.storyboard; sourceTree = "<group>"; };
		911B595C1EB864B800F37DE2 /* Assets.xcassets */ = {isa = PBXFileReference; lastKnownFileType = folder.assetcatalog; path = Assets.xcassets; sourceTree = "<group>"; };
		911B595F1EB864B800F37DE2 /* Base */ = {isa = PBXFileReference; lastKnownFileType = file.storyboard; name = Base; path = Base.lproj/LaunchScreen.storyboard; sourceTree = "<group>"; };
		911B59611EB864B800F37DE2 /* Info.plist */ = {isa = PBXFileReference; lastKnownFileType = text.plist.xml; path = Info.plist; sourceTree = "<group>"; };
		911B59661EB864B800F37DE2 /* ZBInvestmentTests.xctest */ = {isa = PBXFileReference; explicitFileType = wrapper.cfbundle; includeInIndex = 0; path = ZBInvestmentTests.xctest; sourceTree = BUILT_PRODUCTS_DIR; };
		911B596A1EB864B800F37DE2 /* ZBInvestmentTests.m */ = {isa = PBXFileReference; lastKnownFileType = sourcecode.c.objc; path = ZBInvestmentTests.m; sourceTree = "<group>"; };
		911B596C1EB864B800F37DE2 /* Info.plist */ = {isa = PBXFileReference; lastKnownFileType = text.plist.xml; path = Info.plist; sourceTree = "<group>"; };
		911B59711EB864B800F37DE2 /* ZBInvestmentUITests.xctest */ = {isa = PBXFileReference; explicitFileType = wrapper.cfbundle; includeInIndex = 0; path = ZBInvestmentUITests.xctest; sourceTree = BUILT_PRODUCTS_DIR; };
		911B59751EB864B800F37DE2 /* ZBInvestmentUITests.m */ = {isa = PBXFileReference; lastKnownFileType = sourcecode.c.objc; path = ZBInvestmentUITests.m; sourceTree = "<group>"; };
		911B59771EB864B800F37DE2 /* Info.plist */ = {isa = PBXFileReference; lastKnownFileType = text.plist.xml; path = Info.plist; sourceTree = "<group>"; };
/* End PBXFileReference section */

/* Begin PBXFrameworksBuildPhase section */
		911B594A1EB864B800F37DE2 /* Frameworks */ = {
			isa = PBXFrameworksBuildPhase;
			buildActionMask = 2147483647;
			files = (
			);
			runOnlyForDeploymentPostprocessing = 0;
		};
		911B59631EB864B800F37DE2 /* Frameworks */ = {
			isa = PBXFrameworksBuildPhase;
			buildActionMask = 2147483647;
			files = (
			);
			runOnlyForDeploymentPostprocessing = 0;
		};
		911B596E1EB864B800F37DE2 /* Frameworks */ = {
			isa = PBXFrameworksBuildPhase;
			buildActionMask = 2147483647;
			files = (
			);
			runOnlyForDeploymentPostprocessing = 0;
		};
/* End PBXFrameworksBuildPhase section */

/* Begin PBXGroup section */
		911B59441EB864B700F37DE2 = {
			isa = PBXGroup;
			children = (
				911B594F1EB864B800F37DE2 /* ZBInvestment */,
				911B59691EB864B800F37DE2 /* ZBInvestmentTests */,
				911B59741EB864B800F37DE2 /* ZBInvestmentUITests */,
				911B594E1EB864B800F37DE2 /* Products */,
			);
			sourceTree = "<group>";
		};
		911B594E1EB864B800F37DE2 /* Products */ = {
			isa = PBXGroup;
			children = (
				911B594D1EB864B800F37DE2 /* ZBInvestment.app */,
				911B59661EB864B800F37DE2 /* ZBInvestmentTests.xctest */,
				911B59711EB864B800F37DE2 /* ZBInvestmentUITests.xctest */,
			);
			name = Products;
			sourceTree = "<group>";
		};
		911B594F1EB864B800F37DE2 /* ZBInvestment */ = {
			isa = PBXGroup;
			children = (
				911B59531EB864B800F37DE2 /* AppDelegate.h */,
				911B59541EB864B800F37DE2 /* AppDelegate.m */,
				911B59561EB864B800F37DE2 /* ViewController.h */,
				911B59571EB864B800F37DE2 /* ViewController.m */,
				911B59591EB864B800F37DE2 /* Main.storyboard */,
				911B595C1EB864B800F37DE2 /* Assets.xcassets */,
				911B595E1EB864B800F37DE2 /* LaunchScreen.storyboard */,
				911B59611EB864B800F37DE2 /* Info.plist */,
				911B59501EB864B800F37DE2 /* Supporting Files */,
			);
			path = ZBInvestment;
			sourceTree = "<group>";
		};
		911B59501EB864B800F37DE2 /* Supporting Files */ = {
			isa = PBXGroup;
			children = (
				911B59511EB864B800F37DE2 /* main.m */,
			);
			name = "Supporting Files";
			sourceTree = "<group>";
		};
		911B59691EB864B800F37DE2 /* ZBInvestmentTests */ = {
			isa = PBXGroup;
			children = (
				911B596A1EB864B800F37DE2 /* ZBInvestmentTests.m */,
				911B596C1EB864B800F37DE2 /* Info.plist */,
			);
			path = ZBInvestmentTests;
			sourceTree = "<group>";
		};
		911B59741EB864B800F37DE2 /* ZBInvestmentUITests */ = {
			isa = PBXGroup;
			children = (
				911B59751EB864B800F37DE2 /* ZBInvestmentUITests.m */,
				911B59771EB864B800F37DE2 /* Info.plist */,
			);
			path = ZBInvestmentUITests;
			sourceTree = "<group>";
		};
/* End PBXGroup section */

/* Begin PBXNativeTarget section */
		911B594C1EB864B800F37DE2 /* ZBInvestment */ = {
			isa = PBXNativeTarget;
			buildConfigurationList = 911B597A1EB864B800F37DE2 /* Build configuration list for PBXNativeTarget "ZBInvestment" */;
			buildPhases = (
				911B59491EB864B800F37DE2 /* Sources */,
				911B594A1EB864B800F37DE2 /* Frameworks */,
				911B594B1EB864B800F37DE2 /* Resources */,
			);
			buildRules = (
			);
			dependencies = (
			);
			name = ZBInvestment;
			productName = ZBInvestment;
			productReference = 911B594D1EB864B800F37DE2 /* ZBInvestment.app */;
			productType = "com.apple.product-type.application";
		};
		911B59651EB864B800F37DE2 /* ZBInvestmentTests */ = {
			isa = PBXNativeTarget;
			buildConfigurationList = 911B597D1EB864B800F37DE2 /* Build configuration list for PBXNativeTarget "ZBInvestmentTests" */;
			buildPhases = (
				911B59621EB864B800F37DE2 /* Sources */,
				911B59631EB864B800F37DE2 /* Frameworks */,
				911B59641EB864B800F37DE2 /* Resources */,
			);
			buildRules = (
			);
			dependencies = (
				911B59681EB864B800F37DE2 /* PBXTargetDependency */,
			);
			name = ZBInvestmentTests;
			productName = ZBInvestmentTests;
			productReference = 911B59661EB864B800F37DE2 /* ZBInvestmentTests.xctest */;
			productType = "com.apple.product-type.bundle.unit-test";
		};
		911B59701EB864B800F37DE2 /* ZBInvestmentUITests */ = {
			isa = PBXNativeTarget;
			buildConfigurationList = 911B59801EB864B800F37DE2 /* Build configuration list for PBXNativeTarget "ZBInvestmentUITests" */;
			buildPhases = (
				911B596D1EB864B800F37DE2 /* Sources */,
				911B596E1EB864B800F37DE2 /* Frameworks */,
				911B596F1EB864B800F37DE2 /* Resources */,
			);
			buildRules = (
			);
			dependencies = (
				911B59731EB864B800F37DE2 /* PBXTargetDependency */,
			);
			name = ZBInvestmentUITests;
			productName = ZBInvestmentUITests;
			productReference = 911B59711EB864B800F37DE2 /* ZBInvestmentUITests.xctest */;
			productType = "com.apple.product-type.bundle.ui-testing";
		};
/* End PBXNativeTarget section */

/* Begin PBXProject section */
		911B59451EB864B700F37DE2 /* Project object */ = {
			isa = PBXProject;
			attributes = {
				LastUpgradeCheck = 0820;
				ORGANIZATIONNAME = zhubo;
				TargetAttributes = {
					911B594C1EB864B800F37DE2 = {
						CreatedOnToolsVersion = 8.2.1;
						ProvisioningStyle = Automatic;
					};
					911B59651EB864B800F37DE2 = {
						CreatedOnToolsVersion = 8.2.1;
						ProvisioningStyle = Automatic;
						TestTargetID = 911B594C1EB864B800F37DE2;
					};
					911B59701EB864B800F37DE2 = {
						CreatedOnToolsVersion = 8.2.1;
						ProvisioningStyle = Automatic;
						TestTargetID = 911B594C1EB864B800F37DE2;
					};
				};
			};
			buildConfigurationList = 911B59481EB864B700F37DE2 /* Build configuration list for PBXProject "ZBInvestment" */;
			compatibilityVersion = "Xcode 3.2";
			developmentRegion = English;
			hasScannedForEncodings = 0;
			knownRegions = (
				en,
				Base,
			);
			mainGroup = 911B59441EB864B700F37DE2;
			productRefGroup = 911B594E1EB864B800F37DE2 /* Products */;
			projectDirPath = "";
			projectRoot = "";
			targets = (
				911B594C1EB864B800F37DE2 /* ZBInvestment */,
				911B59651EB864B800F37DE2 /* ZBInvestmentTests */,
				911B59701EB864B800F37DE2 /* ZBInvestmentUITests */,
			);
		};
/* End PBXProject section */

/* Begin PBXResourcesBuildPhase section */
		911B594B1EB864B800F37DE2 /* Resources */ = {
			isa = PBXResourcesBuildPhase;
			buildActionMask = 2147483647;
			files = (
				911B59601EB864B800F37DE2 /* LaunchScreen.storyboard in Resources */,
				911B595D1EB864B800F37DE2 /* Assets.xcassets in Resources */,
				911B595B1EB864B800F37DE2 /* Main.storyboard in Resources */,
			);
			runOnlyForDeploymentPostprocessing = 0;
		};
		911B59641EB864B800F37DE2 /* Resources */ = {
			isa = PBXResourcesBuildPhase;
			buildActionMask = 2147483647;
			files = (
			);
			runOnlyForDeploymentPostprocessing = 0;
		};
		911B596F1EB864B800F37DE2 /* Resources */ = {
			isa = PBXResourcesBuildPhase;
			buildActionMask = 2147483647;
			files = (
			);
			runOnlyForDeploymentPostprocessing = 0;
		};
/* End PBXResourcesBuildPhase section */

/* Begin PBXSourcesBuildPhase section */
		911B59491EB864B800F37DE2 /* Sources */ = {
			isa = PBXSourcesBuildPhase;
			buildActionMask = 2147483647;
			files = (
				911B59581EB864B800F37DE2 /* ViewController.m in Sources */,
				911B59551EB864B800F37DE2 /* AppDelegate.m in Sources */,
				911B59521EB864B800F37DE2 /* main.m in Sources */,
			);
			runOnlyForDeploymentPostprocessing = 0;
		};
		911B59621EB864B800F37DE2 /* Sources */ = {
			isa = PBXSourcesBuildPhase;
			buildActionMask = 2147483647;
			files = (
				911B596B1EB864B800F37DE2 /* ZBInvestmentTests.m in Sources */,
			);
			runOnlyForDeploymentPostprocessing = 0;
		};
		911B596D1EB864B800F37DE2 /* Sources */ = {
			isa = PBXSourcesBuildPhase;
			buildActionMask = 2147483647;
			files = (
				911B59761EB864B800F37DE2 /* ZBInvestmentUITests.m in Sources */,
			);
			runOnlyForDeploymentPostprocessing = 0;
		};
/* End PBXSourcesBuildPhase section */

/* Begin PBXTargetDependency section */
		911B59681EB864B800F37DE2 /* PBXTargetDependency */ = {
			isa = PBXTargetDependency;
			target = 911B594C1EB864B800F37DE2 /* ZBInvestment */;
			targetProxy = 911B59671EB864B800F37DE2 /* PBXContainerItemProxy */;
		};
		911B59731EB864B800F37DE2 /* PBXTargetDependency */ = {
			isa = PBXTargetDependency;
			target = 911B594C1EB864B800F37DE2 /* ZBInvestment */;
			targetProxy = 911B59721EB864B800F37DE2 /* PBXContainerItemProxy */;
		};
/* End PBXTargetDependency section */

/* Begin PBXVariantGroup section */
		911B59591EB864B800F37DE2 /* Main.storyboard */ = {
			isa = PBXVariantGroup;
			children = (
				911B595A1EB864B800F37DE2 /* Base */,
			);
			name = Main.storyboard;
			sourceTree = "<group>";
		};
		911B595E1EB864B800F37DE2 /* LaunchScreen.storyboard */ = {
			isa = PBXVariantGroup;
			children = (
				911B595F1EB864B800F37DE2 /* Base */,
			);
			name = LaunchScreen.storyboard;
			sourceTree = "<group>";
		};
/* End PBXVariantGroup section */

/* Begin XCBuildConfiguration section */
		911B59781EB864B800F37DE2 /* Debug */ = {
			isa = XCBuildConfiguration;
			buildSettings = {
				ALWAYS_SEARCH_USER_PATHS = NO;
				CLANG_ANALYZER_NONNULL = YES;
				CLANG_CXX_LANGUAGE_STANDARD = "gnu++0x";
				CLANG_CXX_LIBRARY = "libc++";
				CLANG_ENABLE_MODULES = YES;
				CLANG_ENABLE_OBJC_ARC = YES;
				CLANG_WARN_BOOL_CONVERSION = YES;
				CLANG_WARN_CONSTANT_CONVERSION = YES;
				CLANG_WARN_DIRECT_OBJC_ISA_USAGE = YES_ERROR;
				CLANG_WARN_DOCUMENTATION_COMMENTS = YES;
				CLANG_WARN_EMPTY_BODY = YES;
				CLANG_WARN_ENUM_CONVERSION = YES;
				CLANG_WARN_INFINITE_RECURSION = YES;
				CLANG_WARN_INT_CONVERSION = YES;
				CLANG_WARN_OBJC_ROOT_CLASS = YES_ERROR;
				CLANG_WARN_SUSPICIOUS_MOVE = YES;
				CLANG_WARN_UNREACHABLE_CODE = YES;
				CLANG_WARN__DUPLICATE_METHOD_MATCH = YES;
				"CODE_SIGN_IDENTITY[sdk=iphoneos*]" = "iPhone Developer";
				COPY_PHASE_STRIP = NO;
				DEBUG_INFORMATION_FORMAT = dwarf;
				ENABLE_STRICT_OBJC_MSGSEND = YES;
				ENABLE_TESTABILITY = YES;
				GCC_C_LANGUAGE_STANDARD = gnu99;
				GCC_DYNAMIC_NO_PIC = NO;
				GCC_NO_COMMON_BLOCKS = YES;
				GCC_OPTIMIZATION_LEVEL = 0;
				GCC_PREPROCESSOR_DEFINITIONS = (
					"DEBUG=1",
					"$(inherited)",
				);
				GCC_WARN_64_TO_32_BIT_CONVERSION = YES;
				GCC_WARN_ABOUT_RETURN_TYPE = YES_ERROR;
				GCC_WARN_UNDECLARED_SELECTOR = YES;
				GCC_WARN_UNINITIALIZED_AUTOS = YES_AGGRESSIVE;
				GCC_WARN_UNUSED_FUNCTION = YES;
				GCC_WARN_UNUSED_VARIABLE = YES;
				IPHONEOS_DEPLOYMENT_TARGET = 10.2;
				MTL_ENABLE_DEBUG_INFO = YES;
				ONLY_ACTIVE_ARCH = YES;
				SDKROOT = iphoneos;
			};
			name = Debug;
		};
		911B59791EB864B800F37DE2 /* Release */ = {
			isa = XCBuildConfiguration;
			buildSettings = {
				ALWAYS_SEARCH_USER_PATHS = NO;
				CLANG_ANALYZER_NONNULL = YES;
				CLANG_CXX_LANGUAGE_STANDARD = "gnu++0x";
				CLANG_CXX_LIBRARY = "libc++";
				CLANG_ENABLE_MODULES = YES;
				CLANG_ENABLE_OBJC_ARC = YES;
				CLANG_WARN_BOOL_CONVERSION = YES;
				CLANG_WARN_CONSTANT_CONVERSION = YES;
				CLANG_WARN_DIRECT_OBJC_ISA_USAGE = YES_ERROR;
				CLANG_WARN_DOCUMENTATION_COMMENTS = YES;
				CLANG_WARN_EMPTY_BODY = YES;
				CLANG_WARN_ENUM_CONVERSION = YES;
				CLANG_WARN_INFINITE_RECURSION = YES;
				CLANG_WARN_INT_CONVERSION = YES;
				CLANG_WARN_OBJC_ROOT_CLASS = YES_ERROR;
				CLANG_WARN_SUSPICIOUS_MOVE = YES;
				CLANG_WARN_UNREACHABLE_CODE = YES;
				CLANG_WARN__DUPLICATE_METHOD_MATCH = YES;
				"CODE_SIGN_IDENTITY[sdk=iphoneos*]" = "iPhone Developer";
				COPY_PHASE_STRIP = NO;
				DEBUG_INFORMATION_FORMAT = "dwarf-with-dsym";
				ENABLE_NS_ASSERTIONS = NO;
				ENABLE_STRICT_OBJC_MSGSEND = YES;
				GCC_C_LANGUAGE_STANDARD = gnu99;
				GCC_NO_COMMON_BLOCKS = YES;
				GCC_WARN_64_TO_32_BIT_CONVERSION = YES;
				GCC_WARN_ABOUT_RETURN_TYPE = YES_ERROR;
				GCC_WARN_UNDECLARED_SELECTOR = YES;
				GCC_WARN_UNINITIALIZED_AUTOS = YES_AGGRESSIVE;
				GCC_WARN_UNUSED_FUNCTION = YES;
				GCC_WARN_UNUSED_VARIABLE = YES;
				IPHONEOS_DEPLOYMENT_TARGET = 10.2;
				MTL_ENABLE_DEBUG_INFO = NO;
				SDKROOT = iphoneos;
				VALIDATE_PRODUCT = YES;
			};
			name = Release;
		};
		911B597B1EB864B800F37DE2 /* Debug */ = {
			isa = XCBuildConfiguration;
			buildSettings = {
				ASSETCATALOG_COMPILER_APPICON_NAME = AppIcon;
				INFOPLIST_FILE = ZBInvestment/Info.plist;
				LD_RUNPATH_SEARCH_PATHS = "$(inherited) @executable_path/Frameworks";
				PRODUCT_BUNDLE_IDENTIFIER = com.zhubo.ZBInvestment;
				PRODUCT_NAME = "$(TARGET_NAME)";
			};
			name = Debug;
		};
		911B597C1EB864B800F37DE2 /* Release */ = {
			isa = XCBuildConfiguration;
			buildSettings = {
				ASSETCATALOG_COMPILER_APPICON_NAME = AppIcon;
				INFOPLIST_FILE = ZBInvestment/Info.plist;
				LD_RUNPATH_SEARCH_PATHS = "$(inherited) @executable_path/Frameworks";
				PRODUCT_BUNDLE_IDENTIFIER = com.zhubo.ZBInvestment;
				PRODUCT_NAME = "$(TARGET_NAME)";
			};
			name = Release;
		};
		911B597E1EB864B800F37DE2 /* Debug */ = {
			isa = XCBuildConfiguration;
			buildSettings = {
				BUNDLE_LOADER = "$(TEST_HOST)";
				INFOPLIST_FILE = ZBInvestmentTests/Info.plist;
				LD_RUNPATH_SEARCH_PATHS = "$(inherited) @executable_path/Frameworks @loader_path/Frameworks";
				PRODUCT_BUNDLE_IDENTIFIER = com.zhubo.ZBInvestmentTests;
				PRODUCT_NAME = "$(TARGET_NAME)";
				TEST_HOST = "$(BUILT_PRODUCTS_DIR)/ZBInvestment.app/ZBInvestment";
			};
			name = Debug;
		};
		911B597F1EB864B800F37DE2 /* Release */ = {
			isa = XCBuildConfiguration;
			buildSettings = {
				BUNDLE_LOADER = "$(TEST_HOST)";
				INFOPLIST_FILE = ZBInvestmentTests/Info.plist;
				LD_RUNPATH_SEARCH_PATHS = "$(inherited) @executable_path/Frameworks @loader_path/Frameworks";
				PRODUCT_BUNDLE_IDENTIFIER = com.zhubo.ZBInvestmentTests;
				PRODUCT_NAME = "$(TARGET_NAME)";
				TEST_HOST = "$(BUILT_PRODUCTS_DIR)/ZBInvestment.app/ZBInvestment";
			};
			name = Release;
		};
		911B59811EB864B800F37DE2 /* Debug */ = {
			isa = XCBuildConfiguration;
			buildSettings = {
				INFOPLIST_FILE = ZBInvestmentUITests/Info.plist;
				LD_RUNPATH_SEARCH_PATHS = "$(inherited) @executable_path/Frameworks @loader_path/Frameworks";
				PRODUCT_BUNDLE_IDENTIFIER = com.zhubo.ZBInvestmentUITests;
				PRODUCT_NAME = "$(TARGET_NAME)";
				TEST_TARGET_NAME = ZBInvestment;
			};
			name = Debug;
		};
		911B59821EB864B800F37DE2 /* Release */ = {
			isa = XCBuildConfiguration;
			buildSettings = {
				INFOPLIST_FILE = ZBInvestmentUITests/Info.plist;
				LD_RUNPATH_SEARCH_PATHS = "$(inherited) @executable_path/Frameworks @loader_path/Frameworks";
				PRODUCT_BUNDLE_IDENTIFIER = com.zhubo.ZBInvestmentUITests;
				PRODUCT_NAME = "$(TARGET_NAME)";
				TEST_TARGET_NAME = ZBInvestment;
			};
			name = Release;
		};
/* End XCBuildConfiguration section */

/* Begin XCConfigurationList section */
		911B59481EB864B700F37DE2 /* Build configuration list for PBXProject "ZBInvestment" */ = {
			isa = XCConfigurationList;
			buildConfigurations = (
				911B59781EB864B800F37DE2 /* Debug */,
				911B59791EB864B800F37DE2 /* Release */,
			);
			defaultConfigurationIsVisible = 0;
			defaultConfigurationName = Release;
		};
		911B597A1EB864B800F37DE2 /* Build configuration list for PBXNativeTarget "ZBInvestment" */ = {
			isa = XCConfigurationList;
			buildConfigurations = (
				911B597B1EB864B800F37DE2 /* Debug */,
				911B597C1EB864B800F37DE2 /* Release */,
			);
			defaultConfigurationIsVisible = 0;
		};
		911B597D1EB864B800F37DE2 /* Build configuration list for PBXNativeTarget "ZBInvestmentTests" */ = {
			isa = XCConfigurationList;
			buildConfigurations = (
				911B597E1EB864B800F37DE2 /* Debug */,
				911B597F1EB864B800F37DE2 /* Release */,
			);
			defaultConfigurationIsVisible = 0;
		};
		911B59801EB864B800F37DE2 /* Build configuration list for PBXNativeTarget "ZBInvestmentUITests" */ = {
			isa = XCConfigurationList;
			buildConfigurations = (
				911B59811EB864B800F37DE2 /* Debug */,
				911B59821EB864B800F37DE2 /* Release */,
			);
			defaultConfigurationIsVisible = 0;
		};
/* End XCConfigurationList section */
	};
	rootObject = 911B59451EB864B700F37DE2 /* Project object */;
}
